
Microsoft Visual Studio Solution File, Format Version 12.00
# Visual Studio Version 16
VisualStudioVersion = 16.0.29306.81
MinimumVisualStudioVersion = 10.0.40219.1
Project("{FAE04EC0-301F-11D3-BF4B-00C04F79EFBC}") = "Lab_4", "Lab_4\Lab_4.csproj", "{C1E3906B-C797-4DA4-8968-F51A9987F33F}"
EndProject
Project("{FAE04EC0-301F-11D3-BF4B-00C04F79EFBC}") = "UnitTest_L4", "UnitTest_L4\UnitTest_L4.csproj", "{2D0C49B1-5A69-4DAC-99F8-9C02610CF1A6}"
EndProject
Global
	GlobalSection(SolutionConfigurationPlatforms) = preSolution
		Debug|Any CPU = Debug|Any CPU
		Release|Any CPU = Release|Any CPU
	EndGlobalSection
	GlobalSection(ProjectConfigurationPlatforms) = postSolution
		{C1E3906B-C797-4DA4-8968-F51A9987F33F}.Debug|Any CPU.ActiveCfg = Debug|Any CPU
		{C1E3906B-C797-4DA4-8968-F51A9987F33F}.Debug|Any CPU.Build.0 = Debug|Any CPU
		{C1E3906B-C797-4DA4-8968-F51A9987F33F}.Release|Any CPU.ActiveCfg = Release|Any CPU
		{C1E3906B-C797-4DA4-8968-F51A9987F33F}.Release|Any CPU.Build.0 = Release|Any CPU
		{2D0C49B1-5A69-4DAC-99F8-9C02610CF1A6}.Debug|Any CPU.ActiveCfg = Debug|Any CPU
		{2D0C49B1-5A69-4DAC-99F8-9C02610CF1A6}.Debug|Any CPU.Build.0 = Debug|Any CPU
		{2D0C49B1-5A69-4DAC-99F8-9C02610CF1A6}.Release|Any CPU.ActiveCfg = Release|Any CPU
		{2D0C49B1-5A69-4DAC-99F8-9C02610CF1A6}.Release|Any CPU.Build.0 = Release|Any CPU
	EndGlobalSection
	GlobalSection(SolutionProperties) = preSolution
		HideSolutionNode = FALSE
	EndGlobalSection
	GlobalSection(ExtensibilityGlobals) = postSolution
		SolutionGuid = {B76EDF04-47EE-42A5-B37A-EEAB48846A7C}
	EndGlobalSection
EndGlobal
